dependencies:
- name: postgresql
  repository: https://charts.bitnami.com/bitnami/
  version: 10.13.15
- name: external-dns
  repository: https://charts.bitnami.com/bitnami/
  version: 5.4.16
- name: keycloak
  repository: https://charts.bitnami.com/bitnami/
  version: 7.1.17
digest: sha256:ae3ca4b7c0e2fcd125ddee36329b0f83cea49b2454fd6d78ee70794b65e8f497
generated: "2022-04-22T16:32:18.996810199+02:00"
