dependencies:
- name: postgresql
  repository: https://charts.bitnami.com/bitnami/
  version: 10.13.15
- name: external-dns
  repository: https://charts.bitnami.com/bitnami/
  version: 5.4.16
- name: keycloak
  repository: https://charts.bitnami.com/bitnami/
  version: 7.1.18
digest: sha256:bc2b120ee9b5f204999b2d6ad4274c17bfd98ac16ff645b726e317198f25b985
generated: "2022-05-06T14:39:52.816413947+02:00"
